// !$*UTF8*$!
{
	archiveVersion = 1;
	classes = {
	};
	objectVersion = 56;
	objects = {

/* Begin PBXBuildFile section */
		CF752B4D29274D76000E0C52 /* AppDelegate.swift in Sources */ = {isa = PBXBuildFile; fileRef = CF752B4C29274D76000E0C52 /* AppDelegate.swift */; };
		CF752B4F29274D76000E0C52 /* SceneDelegate.swift in Sources */ = {isa = PBXBuildFile; fileRef = CF752B4E29274D76000E0C52 /* SceneDelegate.swift */; };
		CF752B5129274D76000E0C52 /* ViewController.swift in Sources */ = {isa = PBXBuildFile; fileRef = CF752B5029274D76000E0C52 /* ViewController.swift */; };
		CF752B5429274D76000E0C52 /* Main.storyboard in Resources */ = {isa = PBXBuildFile; fileRef = CF752B5229274D76000E0C52 /* Main.storyboard */; };
		CF752B5629274D78000E0C52 /* Assets.xcassets in Resources */ = {isa = PBXBuildFile; fileRef = CF752B5529274D78000E0C52 /* Assets.xcassets */; };
		CF752B5929274D78000E0C52 /* LaunchScreen.storyboard in Resources */ = {isa = PBXBuildFile; fileRef = CF752B5729274D78000E0C52 /* LaunchScreen.storyboard */; };
		CF752B6429274D78000E0C52 /* HitachiTestTests.swift in Sources */ = {isa = PBXBuildFile; fileRef = CF752B6329274D78000E0C52 /* HitachiTestTests.swift */; };
		CF752B6E29274D78000E0C52 /* HitachiTestUITests.swift in Sources */ = {isa = PBXBuildFile; fileRef = CF752B6D29274D78000E0C52 /* HitachiTestUITests.swift */; };
		CF752B7029274D78000E0C52 /* HitachiTestUITestsLaunchTests.swift in Sources */ = {isa = PBXBuildFile; fileRef = CF752B6F29274D78000E0C52 /* HitachiTestUITestsLaunchTests.swift */; };
		CF752B7E29274E1C000E0C52 /* Localizable.strings in Resources */ = {isa = PBXBuildFile; fileRef = CF752B8029274E1C000E0C52 /* Localizable.strings */; };
/* End PBXBuildFile section */

/* Begin PBXContainerItemProxy section */
		CF752B6029274D78000E0C52 /* PBXContainerItemProxy */ = {
			isa = PBXContainerItemProxy;
			containerPortal = CF752B4129274D76000E0C52 /* Project object */;
			proxyType = 1;
			remoteGlobalIDString = CF752B4829274D76000E0C52;
			remoteInfo = HitachiTest;
		};
		CF752B6A29274D78000E0C52 /* PBXContainerItemProxy */ = {
			isa = PBXContainerItemProxy;
			containerPortal = CF752B4129274D76000E0C52 /* Project object */;
			proxyType = 1;
			remoteGlobalIDString = CF752B4829274D76000E0C52;
			remoteInfo = HitachiTest;
		};
/* End PBXContainerItemProxy section */

/* Begin PBXFileReference section */
		CF752B4929274D76000E0C52 /* HitachiTest.app */ = {isa = PBXFileReference; explicitFileType = wrapper.application; includeInIndex = 0; path = HitachiTest.app; sourceTree = BUILT_PRODUCTS_DIR; };
		CF752B4C29274D76000E0C52 /* AppDelegate.swift */ = {isa = PBXFileReference; lastKnownFileType = sourcecode.swift; path = AppDelegate.swift; sourceTree = "<group>"; };
		CF752B4E29274D76000E0C52 /* SceneDelegate.swift */ = {isa = PBXFileReference; lastKnownFileType = sourcecode.swift; path = SceneDelegate.swift; sourceTree = "<group>"; };
		CF752B5029274D76000E0C52 /* ViewController.swift */ = {isa = PBXFileReference; lastKnownFileType = sourcecode.swift; path = ViewController.swift; sourceTree = "<group>"; };
		CF752B5329274D76000E0C52 /* Base */ = {isa = PBXFileReference; lastKnownFileType = file.storyboard; name = Base; path = Base.lproj/Main.storyboard; sourceTree = "<group>"; };
		CF752B5529274D78000E0C52 /* Assets.xcassets */ = {isa = PBXFileReference; lastKnownFileType = folder.assetcatalog; path = Assets.xcassets; sourceTree = "<group>"; };
		CF752B5829274D78000E0C52 /* Base */ = {isa = PBXFileReference; lastKnownFileType = file.storyboard; name = Base; path = Base.lproj/LaunchScreen.storyboard; sourceTree = "<group>"; };
		CF752B5A29274D78000E0C52 /* Info.plist */ = {isa = PBXFileReference; lastKnownFileType = text.plist.xml; path = Info.plist; sourceTree = "<group>"; };
		CF752B5F29274D78000E0C52 /* HitachiTestTests.xctest */ = {isa = PBXFileReference; explicitFileType = wrapper.cfbundle; includeInIndex = 0; path = HitachiTestTests.xctest; sourceTree = BUILT_PRODUCTS_DIR; };
		CF752B6329274D78000E0C52 /* HitachiTestTests.swift */ = {isa = PBXFileReference; lastKnownFileType = sourcecode.swift; path = HitachiTestTests.swift; sourceTree = "<group>"; };
		CF752B6929274D78000E0C52 /* HitachiTestUITests.xctest */ = {isa = PBXFileReference; explicitFileType = wrapper.cfbundle; includeInIndex = 0; path = HitachiTestUITests.xctest; sourceTree = BUILT_PRODUCTS_DIR; };
		CF752B6D29274D78000E0C52 /* HitachiTestUITests.swift */ = {isa = PBXFileReference; lastKnownFileType = sourcecode.swift; path = HitachiTestUITests.swift; sourceTree = "<group>"; };
		CF752B6F29274D78000E0C52 /* HitachiTestUITestsLaunchTests.swift */ = {isa = PBXFileReference; lastKnownFileType = sourcecode.swift; path = HitachiTestUITestsLaunchTests.swift; sourceTree = "<group>"; };
		CF752B7F29274E1C000E0C52 /* en */ = {isa = PBXFileReference; lastKnownFileType = text.plist.strings; name = en; path = en.lproj/Localizable.strings; sourceTree = "<group>"; };
		CF752B8129274E36000E0C52 /* ms */ = {isa = PBXFileReference; lastKnownFileType = text.plist.strings; name = ms; path = ms.lproj/Localizable.strings; sourceTree = "<group>"; };
/* End PBXFileReference section */

/* Begin PBXFrameworksBuildPhase section */
		CF752B4629274D76000E0C52 /* Frameworks */ = {
			isa = PBXFrameworksBuildPhase;
			buildActionMask = 2147483647;
			files = (
			);
			runOnlyForDeploymentPostprocessing = 0;
		};
		CF752B5C29274D78000E0C52 /* Frameworks */ = {
			isa = PBXFrameworksBuildPhase;
			buildActionMask = 2147483647;
			files = (
			);
			runOnlyForDeploymentPostprocessing = 0;
		};
		CF752B6629274D78000E0C52 /* Frameworks */ = {
			isa = PBXFrameworksBuildPhase;
			buildActionMask = 2147483647;
			files = (
			);
			runOnlyForDeploymentPostprocessing = 0;
		};
/* End PBXFrameworksBuildPhase section */

/* Begin PBXGroup section */
		CF752B4029274D76000E0C52 = {
			isa = PBXGroup;
			children = (
				CF752B4B29274D76000E0C52 /* HitachiTest */,
				CF752B6229274D78000E0C52 /* HitachiTestTests */,
				CF752B6C29274D78000E0C52 /* HitachiTestUITests */,
				CF752B4A29274D76000E0C52 /* Products */,
			);
			sourceTree = "<group>";
		};
		CF752B4A29274D76000E0C52 /* Products */ = {
			isa = PBXGroup;
			children = (
				CF752B4929274D76000E0C52 /* HitachiTest.app */,
				CF752B5F29274D78000E0C52 /* HitachiTestTests.xctest */,
				CF752B6929274D78000E0C52 /* HitachiTestUITests.xctest */,
			);
			name = Products;
			sourceTree = "<group>";
		};
		CF752B4B29274D76000E0C52 /* HitachiTest */ = {
			isa = PBXGroup;
			children = (
				CF752B4C29274D76000E0C52 /* AppDelegate.swift */,
				CF752B4E29274D76000E0C52 /* SceneDelegate.swift */,
				CF752B5029274D76000E0C52 /* ViewController.swift */,
				CF752B5229274D76000E0C52 /* Main.storyboard */,
				CF752B5529274D78000E0C52 /* Assets.xcassets */,
				CF752B5729274D78000E0C52 /* LaunchScreen.storyboard */,
				CF752B5A29274D78000E0C52 /* Info.plist */,
				CF752B8029274E1C000E0C52 /* Localizable.strings */,
			);
			path = HitachiTest;
			sourceTree = "<group>";
		};
		CF752B6229274D78000E0C52 /* HitachiTestTests */ = {
			isa = PBXGroup;
			children = (
				CF752B6329274D78000E0C52 /* HitachiTestTests.swift */,
			);
			path = HitachiTestTests;
			sourceTree = "<group>";
		};
		CF752B6C29274D78000E0C52 /* HitachiTestUITests */ = {
			isa = PBXGroup;
			children = (
				CF752B6D29274D78000E0C52 /* HitachiTestUITests.swift */,
				CF752B6F29274D78000E0C52 /* HitachiTestUITestsLaunchTests.swift */,
			);
			path = HitachiTestUITests;
			sourceTree = "<group>";
		};
/* End PBXGroup section */

/* Begin PBXNativeTarget section */
		CF752B4829274D76000E0C52 /* HitachiTest */ = {
			isa = PBXNativeTarget;
			buildConfigurationList = CF752B7329274D78000E0C52 /* Build configuration list for PBXNativeTarget "HitachiTest" */;
			buildPhases = (
				CF752B4529274D76000E0C52 /* Sources */,
				CF752B4629274D76000E0C52 /* Frameworks */,
				CF752B4729274D76000E0C52 /* Resources */,
			);
			buildRules = (
			);
			dependencies = (
			);
			name = HitachiTest;
			productName = HitachiTest;
			productReference = CF752B4929274D76000E0C52 /* HitachiTest.app */;
			productType = "com.apple.product-type.application";
		};
		CF752B5E29274D78000E0C52 /* HitachiTestTests */ = {
			isa = PBXNativeTarget;
			buildConfigurationList = CF752B7629274D78000E0C52 /* Build configuration list for PBXNativeTarget "HitachiTestTests" */;
			buildPhases = (
				CF752B5B29274D78000E0C52 /* Sources */,
				CF752B5C29274D78000E0C52 /* Frameworks */,
				CF752B5D29274D78000E0C52 /* Resources */,
			);
			buildRules = (
			);
			dependencies = (
				CF752B6129274D78000E0C52 /* PBXTargetDependency */,
			);
			name = HitachiTestTests;
			productName = HitachiTestTests;
			productReference = CF752B5F29274D78000E0C52 /* HitachiTestTests.xctest */;
			productType = "com.apple.product-type.bundle.unit-test";
		};
		CF752B6829274D78000E0C52 /* HitachiTestUITests */ = {
			isa = PBXNativeTarget;
			buildConfigurationList = CF752B7929274D78000E0C52 /* Build configuration list for PBXNativeTarget "HitachiTestUITests" */;
			buildPhases = (
				CF752B6529274D78000E0C52 /* Sources */,
				CF752B6629274D78000E0C52 /* Frameworks */,
				CF752B6729274D78000E0C52 /* Resources */,
			);
			buildRules = (
			);
			dependencies = (
				CF752B6B29274D78000E0C52 /* PBXTargetDependency */,
			);
			name = HitachiTestUITests;
			productName = HitachiTestUITests;
			productReference = CF752B6929274D78000E0C52 /* HitachiTestUITests.xctest */;
			productType = "com.apple.product-type.bundle.ui-testing";
		};
/* End PBXNativeTarget section */

/* Begin PBXProject section */
		CF752B4129274D76000E0C52 /* Project object */ = {
			isa = PBXProject;
			attributes = {
				BuildIndependentTargetsInParallel = 1;
				LastSwiftUpdateCheck = 1410;
				LastUpgradeCheck = 1410;
				TargetAttributes = {
					CF752B4829274D76000E0C52 = {
						CreatedOnToolsVersion = 14.1;
					};
					CF752B5E29274D78000E0C52 = {
						CreatedOnToolsVersion = 14.1;
						TestTargetID = CF752B4829274D76000E0C52;
					};
					CF752B6829274D78000E0C52 = {
						CreatedOnToolsVersion = 14.1;
						TestTargetID = CF752B4829274D76000E0C52;
					};
				};
			};
			buildConfigurationList = CF752B4429274D76000E0C52 /* Build configuration list for PBXProject "HitachiTest" */;
			compatibilityVersion = "Xcode 14.0";
			developmentRegion = en;
			hasScannedForEncodings = 0;
			knownRegions = (
				en,
				Base,
				ms,
			);
			mainGroup = CF752B4029274D76000E0C52;
			productRefGroup = CF752B4A29274D76000E0C52 /* Products */;
			projectDirPath = "";
			projectRoot = "";
			targets = (
				CF752B4829274D76000E0C52 /* HitachiTest */,
				CF752B5E29274D78000E0C52 /* HitachiTestTests */,
				CF752B6829274D78000E0C52 /* HitachiTestUITests */,
			);
		};
/* End PBXProject section */

/* Begin PBXResourcesBuildPhase section */
		CF752B4729274D76000E0C52 /* Resources */ = {
			isa = PBXResourcesBuildPhase;
			buildActionMask = 2147483647;
			files = (
				CF752B5929274D78000E0C52 /* LaunchScreen.storyboard in Resources */,
				CF752B7E29274E1C000E0C52 /* Localizable.strings in Resources */,
				CF752B5629274D78000E0C52 /* Assets.xcassets in Resources */,
				CF752B5429274D76000E0C52 /* Main.storyboard in Resources */,
			);
			runOnlyForDeploymentPostprocessing = 0;
		};
		CF752B5D29274D78000E0C52 /* Resources */ = {
			isa = PBXResourcesBuildPhase;
			buildActionMask = 2147483647;
			files = (
			);
			runOnlyForDeploymentPostprocessing = 0;
		};
		CF752B6729274D78000E0C52 /* Resources */ = {
			isa = PBXResourcesBuildPhase;
			buildActionMask = 2147483647;
			files = (
			);
			runOnlyForDeploymentPostprocessing = 0;
		};
/* End PBXResourcesBuildPhase section */

/* Begin PBXSourcesBuildPhase section */
		CF752B4529274D76000E0C52 /* Sources */ = {
			isa = PBXSourcesBuildPhase;
			buildActionMask = 2147483647;
			files = (
				CF752B5129274D76000E0C52 /* ViewController.swift in Sources */,
				CF752B4D29274D76000E0C52 /* AppDelegate.swift in Sources */,
				CF752B4F29274D76000E0C52 /* SceneDelegate.swift in Sources */,
			);
			runOnlyForDeploymentPostprocessing = 0;
		};
		CF752B5B29274D78000E0C52 /* Sources */ = {
			isa = PBXSourcesBuildPhase;
			buildActionMask = 2147483647;
			files = (
				CF752B6429274D78000E0C52 /* HitachiTestTests.swift in Sources */,
			);
			runOnlyForDeploymentPostprocessing = 0;
		};
		CF752B6529274D78000E0C52 /* Sources */ = {
			isa = PBXSourcesBuildPhase;
			buildActionMask = 2147483647;
			files = (
				CF752B6E29274D78000E0C52 /* HitachiTestUITests.swift in Sources */,
				CF752B7029274D78000E0C52 /* HitachiTestUITestsLaunchTests.swift in Sources */,
			);
			runOnlyForDeploymentPostprocessing = 0;
		};
/* End PBXSourcesBuildPhase section */

/* Begin PBXTargetDependency section */
		CF752B6129274D78000E0C52 /* PBXTargetDependency */ = {
			isa = PBXTargetDependency;
			target = CF752B4829274D76000E0C52 /* HitachiTest */;
			targetProxy = CF752B6029274D78000E0C52 /* PBXContainerItemProxy */;
		};
		CF752B6B29274D78000E0C52 /* PBXTargetDependency */ = {
			isa = PBXTargetDependency;
			target = CF752B4829274D76000E0C52 /* HitachiTest */;
			targetProxy = CF752B6A29274D78000E0C52 /* PBXContainerItemProxy */;
		};
/* End PBXTargetDependency section */

/* Begin PBXVariantGroup section */
		CF752B5229274D76000E0C52 /* Main.storyboard */ = {
			isa = PBXVariantGroup;
			children = (
				CF752B5329274D76000E0C52 /* Base */,
			);
			name = Main.storyboard;
			sourceTree = "<group>";
		};
		CF752B5729274D78000E0C52 /* LaunchScreen.storyboard */ = {
			isa = PBXVariantGroup;
			children = (
				CF752B5829274D78000E0C52 /* Base */,
			);
			name = LaunchScreen.storyboard;
			sourceTree = "<group>";
		};
		CF752B8029274E1C000E0C52 /* Localizable.strings */ = {
			isa = PBXVariantGroup;
			children = (
				CF752B7F29274E1C000E0C52 /* en */,
				CF752B8129274E36000E0C52 /* ms */,
			);
			name = Localizable.strings;
			sourceTree = "<group>";
		};
/* End PBXVariantGroup section */

/* Begin XCBuildConfiguration section */
		CF752B7129274D78000E0C52 /* Debug */ = {
			isa = XCBuildConfiguration;
			buildSettings = {
				ALWAYS_SEARCH_USER_PATHS = NO;
				CLANG_ANALYZER_LOCALIZABILITY_NONLOCALIZED = YES;
				CLANG_ANALYZER_NONNULL = YES;
				CLANG_ANALYZER_NUMBER_OBJECT_CONVERSION = YES_AGGRESSIVE;
				CLANG_CXX_LANGUAGE_STANDARD = "gnu++20";
				CLANG_ENABLE_MODULES = YES;
				CLANG_ENABLE_OBJC_ARC = YES;
				CLANG_ENABLE_OBJC_WEAK = YES;
				CLANG_WARN_BLOCK_CAPTURE_AUTORELEASING = YES;
				CLANG_WARN_BOOL_CONVERSION = YES;
				CLANG_WARN_COMMA = YES;
				CLANG_WARN_CONSTANT_CONVERSION = YES;
				CLANG_WARN_DEPRECATED_OBJC_IMPLEMENTATIONS = YES;
				CLANG_WARN_DIRECT_OBJC_ISA_USAGE = YES_ERROR;
				CLANG_WARN_DOCUMENTATION_COMMENTS = YES;
				CLANG_WARN_EMPTY_BODY = YES;
				CLANG_WARN_ENUM_CONVERSION = YES;
				CLANG_WARN_INFINITE_RECURSION = YES;
				CLANG_WARN_INT_CONVERSION = YES;
				CLANG_WARN_NON_LITERAL_NULL_CONVERSION = YES;
				CLANG_WARN_OBJC_IMPLICIT_RETAIN_SELF = YES;
				CLANG_WARN_OBJC_LITERAL_CONVERSION = YES;
				CLANG_WARN_OBJC_ROOT_CLASS = YES_ERROR;
				CLANG_WARN_QUOTED_INCLUDE_IN_FRAMEWORK_HEADER = YES;
				CLANG_WARN_RANGE_LOOP_ANALYSIS = YES;
				CLANG_WARN_STRICT_PROTOTYPES = YES;
				CLANG_WARN_SUSPICIOUS_MOVE = YES;
				CLANG_WARN_UNGUARDED_AVAILABILITY = YES_AGGRESSIVE;
				CLANG_WARN_UNREACHABLE_CODE = YES;
				CLANG_WARN__DUPLICATE_METHOD_MATCH = YES;
				COPY_PHASE_STRIP = NO;
				DEBUG_INFORMATION_FORMAT = dwarf;
				ENABLE_STRICT_OBJC_MSGSEND = YES;
				ENABLE_TESTABILITY = YES;
				GCC_C_LANGUAGE_STANDARD = gnu11;
				GCC_DYNAMIC_NO_PIC = NO;
				GCC_NO_COMMON_BLOCKS = YES;
				GCC_OPTIMIZATION_LEVEL = 0;
				GCC_PREPROCESSOR_DEFINITIONS = (
					"DEBUG=1",
					"$(inherited)",
				);
				GCC_WARN_64_TO_32_BIT_CONVERSION = YES;
				GCC_WARN_ABOUT_RETURN_TYPE = YES_ERROR;
				GCC_WARN_UNDECLARED_SELECTOR = YES;
				GCC_WARN_UNINITIALIZED_AUTOS = YES_AGGRESSIVE;
				GCC_WARN_UNUSED_FUNCTION = YES;
				GCC_WARN_UNUSED_VARIABLE = YES;
				IPHONEOS_DEPLOYMENT_TARGET = 14.0;
				MTL_ENABLE_DEBUG_INFO = INCLUDE_SOURCE;
				MTL_FAST_MATH = YES;
				ONLY_ACTIVE_ARCH = YES;
				SDKROOT = iphoneos;
				SWIFT_ACTIVE_COMPILATION_CONDITIONS = DEBUG;
				SWIFT_OPTIMIZATION_LEVEL = "-Onone";
			};
			name = Debug;
		};
		CF752B7229274D78000E0C52 /* Release */ = {
			isa = XCBuildConfiguration;
			buildSettings = {
				ALWAYS_SEARCH_USER_PATHS = NO;
				CLANG_ANALYZER_LOCALIZABILITY_NONLOCALIZED = YES;
				CLANG_ANALYZER_NONNULL = YES;
				CLANG_ANALYZER_NUMBER_OBJECT_CONVERSION = YES_AGGRESSIVE;
				CLANG_CXX_LANGUAGE_STANDARD = "gnu++20";
				CLANG_ENABLE_MODULES = YES;
				CLANG_ENABLE_OBJC_ARC = YES;
				CLANG_ENABLE_OBJC_WEAK = YES;
				CLANG_WARN_BLOCK_CAPTURE_AUTORELEASING = YES;
				CLANG_WARN_BOOL_CONVERSION = YES;
				CLANG_WARN_COMMA = YES;
				CLANG_WARN_CONSTANT_CONVERSION = YES;
				CLANG_WARN_DEPRECATED_OBJC_IMPLEMENTATIONS = YES;
				CLANG_WARN_DIRECT_OBJC_ISA_USAGE = YES_ERROR;
				CLANG_WARN_DOCUMENTATION_COMMENTS = YES;
				CLANG_WARN_EMPTY_BODY = YES;
				CLANG_WARN_ENUM_CONVERSION = YES;
				CLANG_WARN_INFINITE_RECURSION = YES;
				CLANG_WARN_INT_CONVERSION = YES;
				CLANG_WARN_NON_LITERAL_NULL_CONVERSION = YES;
				CLANG_WARN_OBJC_IMPLICIT_RETAIN_SELF = YES;
				CLANG_WARN_OBJC_LITERAL_CONVERSION = YES;
				CLANG_WARN_OBJC_ROOT_CLASS = YES_ERROR;
				CLANG_WARN_QUOTED_INCLUDE_IN_FRAMEWORK_HEADER = YES;
				CLANG_WARN_RANGE_LOOP_ANALYSIS = YES;
				CLANG_WARN_STRICT_PROTOTYPES = YES;
				CLANG_WARN_SUSPICIOUS_MOVE = YES;
				CLANG_WARN_UNGUARDED_AVAILABILITY = YES_AGGRESSIVE;
				CLANG_WARN_UNREACHABLE_CODE = YES;
				CLANG_WARN__DUPLICATE_METHOD_MATCH = YES;
				COPY_PHASE_STRIP = NO;
				DEBUG_INFORMATION_FORMAT = "dwarf-with-dsym";
				ENABLE_NS_ASSERTIONS = NO;
				ENABLE_STRICT_OBJC_MSGSEND = YES;
				GCC_C_LANGUAGE_STANDARD = gnu11;
				GCC_NO_COMMON_BLOCKS = YES;
				GCC_WARN_64_TO_32_BIT_CONVERSION = YES;
				GCC_WARN_ABOUT_RETURN_TYPE = YES_ERROR;
				GCC_WARN_UNDECLARED_SELECTOR = YES;
				GCC_WARN_UNINITIALIZED_AUTOS = YES_AGGRESSIVE;
				GCC_WARN_UNUSED_FUNCTION = YES;
				GCC_WARN_UNUSED_VARIABLE = YES;
				IPHONEOS_DEPLOYMENT_TARGET = 14.0;
				MTL_ENABLE_DEBUG_INFO = NO;
				MTL_FAST_MATH = YES;
				SDKROOT = iphoneos;
				SWIFT_COMPILATION_MODE = wholemodule;
				SWIFT_OPTIMIZATION_LEVEL = "-O";
				VALIDATE_PRODUCT = YES;
			};
			name = Release;
		};
		CF752B7429274D78000E0C52 /* Debug */ = {
			isa = XCBuildConfiguration;
			buildSettings = {
				ASSETCATALOG_COMPILER_APPICON_NAME = AppIcon;
				ASSETCATALOG_COMPILER_GLOBAL_ACCENT_COLOR_NAME = AccentColor;
				CODE_SIGN_STYLE = Automatic;
				CURRENT_PROJECT_VERSION = 1;
				DEVELOPMENT_TEAM = SA797GRG57;
				GENERATE_INFOPLIST_FILE = YES;
				INFOPLIST_FILE = HitachiTest/Info.plist;
				INFOPLIST_KEY_CFBundleDisplayName = HitachiTest;
				INFOPLIST_KEY_UIApplicationSupportsIndirectInputEvents = YES;
				INFOPLIST_KEY_UILaunchStoryboardName = LaunchScreen;
				INFOPLIST_KEY_UIMainStoryboardFile = Main;
				INFOPLIST_KEY_UISupportedInterfaceOrientations_iPad = "UIInterfaceOrientationPortrait UIInterfaceOrientationPortraitUpsideDown UIInterfaceOrientationLandscapeLeft UIInterfaceOrientationLandscapeRight";
				INFOPLIST_KEY_UISupportedInterfaceOrientations_iPhone = "UIInterfaceOrientationPortrait UIInterfaceOrientationLandscapeLeft UIInterfaceOrientationLandscapeRight";
				IPHONEOS_DEPLOYMENT_TARGET = 14.0;
				LD_RUNPATH_SEARCH_PATHS = (
					"$(inherited)",
					"@executable_path/Frameworks",
				);
				MARKETING_VERSION = 1.0;
				PRODUCT_BUNDLE_IDENTIFIER = com.HitachiTest;
				PRODUCT_NAME = "$(TARGET_NAME)";
				SUPPORTED_PLATFORMS = "iphoneos iphonesimulator";
				SUPPORTS_MACCATALYST = NO;
				SUPPORTS_MAC_DESIGNED_FOR_IPHONE_IPAD = YES;
				SWIFT_EMIT_LOC_STRINGS = YES;
				SWIFT_VERSION = 5.0;
				TARGETED_DEVICE_FAMILY = 1;
			};
			name = Debug;
		};
		CF752B7529274D78000E0C52 /* Release */ = {
			isa = XCBuildConfiguration;
			buildSettings = {
				ASSETCATALOG_COMPILER_APPICON_NAME = AppIcon;
				ASSETCATALOG_COMPILER_GLOBAL_ACCENT_COLOR_NAME = AccentColor;
				CODE_SIGN_STYLE = Automatic;
				CURRENT_PROJECT_VERSION = 1;
				DEVELOPMENT_TEAM = SA797GRG57;
				GENERATE_INFOPLIST_FILE = YES;
				INFOPLIST_FILE = HitachiTest/Info.plist;
				INFOPLIST_KEY_CFBundleDisplayName = HitachiTest;
				INFOPLIST_KEY_UIApplicationSupportsIndirectInputEvents = YES;
				INFOPLIST_KEY_UILaunchStoryboardName = LaunchScreen;
				INFOPLIST_KEY_UIMainStoryboardFile = Main;
				INFOPLIST_KEY_UISupportedInterfaceOrientations_iPad = "UIInterfaceOrientationPortrait UIInterfaceOrientationPortraitUpsideDown UIInterfaceOrientationLandscapeLeft UIInterfaceOrientationLandscapeRight";
				INFOPLIST_KEY_UISupportedInterfaceOrientations_iPhone = "UIInterfaceOrientationPortrait UIInterfaceOrientationLandscapeLeft UIInterfaceOrientationLandscapeRight";
				IPHONEOS_DEPLOYMENT_TARGET = 14.0;
				LD_RUNPATH_SEARCH_PATHS = (
					"$(inherited)",
					"@executable_path/Frameworks",
				);
				MARKETING_VERSION = 1.0;
				PRODUCT_BUNDLE_IDENTIFIER = com.HitachiTest;
				PRODUCT_NAME = "$(TARGET_NAME)";
				SUPPORTED_PLATFORMS = "iphoneos iphonesimulator";
				SUPPORTS_MACCATALYST = NO;
				SUPPORTS_MAC_DESIGNED_FOR_IPHONE_IPAD = YES;
				SWIFT_EMIT_LOC_STRINGS = YES;
				SWIFT_VERSION = 5.0;
				TARGETED_DEVICE_FAMILY = 1;
			};
			name = Release;
		};
		CF752B7729274D78000E0C52 /* Debug */ = {
			isa = XCBuildConfiguration;
			buildSettings = {
				ALWAYS_EMBED_SWIFT_STANDARD_LIBRARIES = YES;
				BUNDLE_LOADER = "$(TEST_HOST)";
				CODE_SIGN_STYLE = Automatic;
				CURRENT_PROJECT_VERSION = 1;
				DEVELOPMENT_TEAM = SA797GRG57;
				GENERATE_INFOPLIST_FILE = YES;
				IPHONEOS_DEPLOYMENT_TARGET = 16.1;
				MARKETING_VERSION = 1.0;
				PRODUCT_BUNDLE_IDENTIFIER = com.HitachiTestTests;
				PRODUCT_NAME = "$(TARGET_NAME)";
				SWIFT_EMIT_LOC_STRINGS = NO;
				SWIFT_VERSION = 5.0;
				TARGETED_DEVICE_FAMILY = "1,2";
				TEST_HOST = "$(BUILT_PRODUCTS_DIR)/HitachiTest.app/$(BUNDLE_EXECUTABLE_FOLDER_PATH)/HitachiTest";
			};
			name = Debug;
		};
		CF752B7829274D78000E0C52 /* Release */ = {
			isa = XCBuildConfiguration;
			buildSettings = {
				ALWAYS_EMBED_SWIFT_STANDARD_LIBRARIES = YES;
				BUNDLE_LOADER = "$(TEST_HOST)";
				CODE_SIGN_STYLE = Automatic;
				CURRENT_PROJECT_VERSION = 1;
				DEVELOPMENT_TEAM = SA797GRG57;
				GENERATE_INFOPLIST_FILE = YES;
				IPHONEOS_DEPLOYMENT_TARGET = 16.1;
				MARKETING_VERSION = 1.0;
				PRODUCT_BUNDLE_IDENTIFIER = com.HitachiTestTests;
				PRODUCT_NAME = "$(TARGET_NAME)";
				SWIFT_EMIT_LOC_STRINGS = NO;
				SWIFT_VERSION = 5.0;
				TARGETED_DEVICE_FAMILY = "1,2";
				TEST_HOST = "$(BUILT_PRODUCTS_DIR)/HitachiTest.app/$(BUNDLE_EXECUTABLE_FOLDER_PATH)/HitachiTest";
			};
			name = Release;
		};
		CF752B7A29274D78000E0C52 /* Debug */ = {
			isa = XCBuildConfiguration;
			buildSettings = {
				ALWAYS_EMBED_SWIFT_STANDARD_LIBRARIES = YES;
				CODE_SIGN_STYLE = Automatic;
				CURRENT_PROJECT_VERSION = 1;
				DEVELOPMENT_TEAM = SA797GRG57;
				GENERATE_INFOPLIST_FILE = YES;
				MARKETING_VERSION = 1.0;
				PRODUCT_BUNDLE_IDENTIFIER = com.HitachiTestUITests;
				PRODUCT_NAME = "$(TARGET_NAME)";
				SWIFT_EMIT_LOC_STRINGS = NO;
				SWIFT_VERSION = 5.0;
				TARGETED_DEVICE_FAMILY = "1,2";
				TEST_TARGET_NAME = HitachiTest;
			};
			name = Debug;
		};
		CF752B7B29274D78000E0C52 /* Release */ = {
			isa = XCBuildConfiguration;
			buildSettings = {
				ALWAYS_EMBED_SWIFT_STANDARD_LIBRARIES = YES;
				CODE_SIGN_STYLE = Automatic;
				CURRENT_PROJECT_VERSION = 1;
				DEVELOPMENT_TEAM = SA797GRG57;
				GENERATE_INFOPLIST_FILE = YES;
				MARKETING_VERSION = 1.0;
				PRODUCT_BUNDLE_IDENTIFIER = com.HitachiTestUITests;
				PRODUCT_NAME = "$(TARGET_NAME)";
				SWIFT_EMIT_LOC_STRINGS = NO;
				SWIFT_VERSION = 5.0;
				TARGETED_DEVICE_FAMILY = "1,2";
				TEST_TARGET_NAME = HitachiTest;
			};
			name = Release;
		};
/* End XCBuildConfiguration section */

/* Begin XCConfigurationList section */
		CF752B4429274D76000E0C52 /* Build configuration list for PBXProject "HitachiTest" */ = {
			isa = XCConfigurationList;
			buildConfigurations = (
				CF752B7129274D78000E0C52 /* Debug */,
				CF752B7229274D78000E0C52 /* Release */,
			);
			defaultConfigurationIsVisible = 0;
			defaultConfigurationName = Release;
		};
		CF752B7329274D78000E0C52 /* Build configuration list for PBXNativeTarget "HitachiTest" */ = {
			isa = XCConfigurationList;
			buildConfigurations = (
				CF752B7429274D78000E0C52 /* Debug */,
				CF752B7529274D78000E0C52 /* Release */,
			);
			defaultConfigurationIsVisible = 0;
			defaultConfigurationName = Release;
		};
		CF752B7629274D78000E0C52 /* Build configuration list for PBXNativeTarget "HitachiTestTests" */ = {
			isa = XCConfigurationList;
			buildConfigurations = (
				CF752B7729274D78000E0C52 /* Debug */,
				CF752B7829274D78000E0C52 /* Release */,
			);
			defaultConfigurationIsVisible = 0;
			defaultConfigurationName = Release;
		};
		CF752B7929274D78000E0C52 /* Build configuration list for PBXNativeTarget "HitachiTestUITests" */ = {
			isa = XCConfigurationList;
			buildConfigurations = (
				CF752B7A29274D78000E0C52 /* Debug */,
				CF752B7B29274D78000E0C52 /* Release */,
			);
			defaultConfigurationIsVisible = 0;
			defaultConfigurationName = Release;
		};
/* End XCConfigurationList section */
	};
	rootObject = CF752B4129274D76000E0C52 /* Project object */;
}
